
Microsoft Visual Studio Solution File, Format Version 12.00
# Visual Studio Version 17
VisualStudioVersion = 17.3.32929.385
MinimumVisualStudioVersion = 10.0.40219.1
Project("{FAE04EC0-301F-11D3-BF4B-00C04F79EFBC}") = "SpecflowCreateSet", "SpecflowCreateSet.csproj", "{8069CE31-BC98-4137-AEB1-539732132100}"
EndProject
Global
	GlobalSection(SolutionConfigurationPlatforms) = preSolution
		Debug|Any CPU = Debug|Any CPU
		Release|Any CPU = Release|Any CPU
	EndGlobalSection
	GlobalSection(ProjectConfigurationPlatforms) = postSolution
		{8069CE31-BC98-4137-AEB1-539732132100}.Debug|Any CPU.ActiveCfg = Debug|Any CPU
		{8069CE31-BC98-4137-AEB1-539732132100}.Debug|Any CPU.Build.0 = Debug|Any CPU
		{8069CE31-BC98-4137-AEB1-539732132100}.Release|Any CPU.ActiveCfg = Release|Any CPU
		{8069CE31-BC98-4137-AEB1-539732132100}.Release|Any CPU.Build.0 = Release|Any CPU
	EndGlobalSection
	GlobalSection(SolutionProperties) = preSolution
		HideSolutionNode = FALSE
	EndGlobalSection
	GlobalSection(ExtensibilityGlobals) = postSolution
		SolutionGuid = {B489CC6E-1212-4765-92FD-29D16874E9B8}
	EndGlobalSection
EndGlobal
